// !$*UTF8*$!
{
	archiveVersion = 1;
	classes = {
	};
	objectVersion = 46;
	objects = {

/* Begin PBXBuildFile section */
		1A4DAA7C1D7F7F7000586442 /* AppDelegate.swift in Sources */ = {isa = PBXBuildFile; fileRef = 1A4DAA7B1D7F7F7000586442 /* AppDelegate.swift */; };
		1A4DAA821D7F7F7000586442 /* GameViewController.swift in Sources */ = {isa = PBXBuildFile; fileRef = 1A4DAA811D7F7F7000586442 /* GameViewController.swift */; };
		1A4DAA851D7F7F7000586442 /* Main.storyboard in Resources */ = {isa = PBXBuildFile; fileRef = 1A4DAA831D7F7F7000586442 /* Main.storyboard */; };
		1A4DAA871D7F7F7000586442 /* Assets.xcassets in Resources */ = {isa = PBXBuildFile; fileRef = 1A4DAA861D7F7F7000586442 /* Assets.xcassets */; };
		1A4DAA8A1D7F7F7000586442 /* LaunchScreen.storyboard in Resources */ = {isa = PBXBuildFile; fileRef = 1A4DAA881D7F7F7000586442 /* LaunchScreen.storyboard */; };
		1A4DAA931D7F85D300586442 /* GLText.swift in Sources */ = {isa = PBXBuildFile; fileRef = 1A4DAA921D7F85D300586442 /* GLText.swift */; };
		1A646E931DD97FFA00547F12 /* graybkgrnd.png in Resources */ = {isa = PBXBuildFile; fileRef = 1A646E921DD97FFA00547F12 /* graybkgrnd.png */; };
		1AC60B781DC2DA5A006736F9 /* BackgroundImage.swift in Sources */ = {isa = PBXBuildFile; fileRef = 1AC60B771DC2DA5A006736F9 /* BackgroundImage.swift */; };
		1AE79DBB1DA6F6630062D2C0 /* Image.swift in Sources */ = {isa = PBXBuildFile; fileRef = 1AE79DBA1DA6F6630062D2C0 /* Image.swift */; };
		1AE79DCB1DB96B490062D2C0 /* Program.swift in Sources */ = {isa = PBXBuildFile; fileRef = 1AE79DCA1DB96B490062D2C0 /* Program.swift */; };
		1AE79DCE1DB96CA30062D2C0 /* BatchTextProgram.swift in Sources */ = {isa = PBXBuildFile; fileRef = 1AE79DCD1DB96CA30062D2C0 /* BatchTextProgram.swift */; };
		1AE79DD01DB96D400062D2C0 /* AttribVariable.swift in Sources */ = {isa = PBXBuildFile; fileRef = 1AE79DCF1DB96D400062D2C0 /* AttribVariable.swift */; };
		1AE79DD21DB96DDF0062D2C0 /* SpriteBatch.swift in Sources */ = {isa = PBXBuildFile; fileRef = 1AE79DD11DB96DDF0062D2C0 /* SpriteBatch.swift */; };
		1AE79DD41DB96E7C0062D2C0 /* TextureHelper.swift in Sources */ = {isa = PBXBuildFile; fileRef = 1AE79DD31DB96E7C0062D2C0 /* TextureHelper.swift */; };
		1AE79DD61DB96ECE0062D2C0 /* TextureRegion.swift in Sources */ = {isa = PBXBuildFile; fileRef = 1AE79DD51DB96ECE0062D2C0 /* TextureRegion.swift */; };
		1AE79DD81DB96F310062D2C0 /* Utilities.swift in Sources */ = {isa = PBXBuildFile; fileRef = 1AE79DD71DB96F310062D2C0 /* Utilities.swift */; };
		1AE79DDA1DB96F9B0062D2C0 /* Vertices.swift in Sources */ = {isa = PBXBuildFile; fileRef = 1AE79DD91DB96F9B0062D2C0 /* Vertices.swift */; };
/* End PBXBuildFile section */

/* Begin PBXFileReference section */
		1A4DAA781D7F7F6E00586442 /* OpenGLESTextDemo.app */ = {isa = PBXFileReference; explicitFileType = wrapper.application; includeInIndex = 0; path = OpenGLESTextDemo.app; sourceTree = BUILT_PRODUCTS_DIR; };
		1A4DAA7B1D7F7F7000586442 /* AppDelegate.swift */ = {isa = PBXFileReference; lastKnownFileType = sourcecode.swift; path = AppDelegate.swift; sourceTree = "<group>"; };
		1A4DAA811D7F7F7000586442 /* GameViewController.swift */ = {isa = PBXFileReference; lastKnownFileType = sourcecode.swift; path = GameViewController.swift; sourceTree = "<group>"; };
		1A4DAA841D7F7F7000586442 /* Base */ = {isa = PBXFileReference; lastKnownFileType = file.storyboard; name = Base; path = Base.lproj/Main.storyboard; sourceTree = "<group>"; };
		1A4DAA861D7F7F7000586442 /* Assets.xcassets */ = {isa = PBXFileReference; lastKnownFileType = folder.assetcatalog; path = Assets.xcassets; sourceTree = "<group>"; };
		1A4DAA891D7F7F7000586442 /* Base */ = {isa = PBXFileReference; lastKnownFileType = file.storyboard; name = Base; path = Base.lproj/LaunchScreen.storyboard; sourceTree = "<group>"; };
		1A4DAA8B1D7F7F7000586442 /* Info.plist */ = {isa = PBXFileReference; lastKnownFileType = text.plist.xml; path = Info.plist; sourceTree = "<group>"; };
		1A4DAA921D7F85D300586442 /* GLText.swift */ = {isa = PBXFileReference; fileEncoding = 4; lastKnownFileType = sourcecode.swift; path = GLText.swift; sourceTree = "<group>"; };
		1A646E921DD97FFA00547F12 /* graybkgrnd.png */ = {isa = PBXFileReference; lastKnownFileType = image.png; path = graybkgrnd.png; sourceTree = "<group>"; };
		1AC60B771DC2DA5A006736F9 /* BackgroundImage.swift */ = {isa = PBXFileReference; fileEncoding = 4; lastKnownFileType = sourcecode.swift; path = BackgroundImage.swift; sourceTree = "<group>"; };
		1AE79DBA1DA6F6630062D2C0 /* Image.swift */ = {isa = PBXFileReference; fileEncoding = 4; lastKnownFileType = sourcecode.swift; path = Image.swift; sourceTree = "<group>"; };
		1AE79DCA1DB96B490062D2C0 /* Program.swift */ = {isa = PBXFileReference; fileEncoding = 4; lastKnownFileType = sourcecode.swift; path = Program.swift; sourceTree = "<group>"; };
		1AE79DCD1DB96CA30062D2C0 /* BatchTextProgram.swift */ = {isa = PBXFileReference; fileEncoding = 4; lastKnownFileType = sourcecode.swift; path = BatchTextProgram.swift; sourceTree = "<group>"; };
		1AE79DCF1DB96D400062D2C0 /* AttribVariable.swift */ = {isa = PBXFileReference; fileEncoding = 4; lastKnownFileType = sourcecode.swift; path = AttribVariable.swift; sourceTree = "<group>"; };
		1AE79DD11DB96DDF0062D2C0 /* SpriteBatch.swift */ = {isa = PBXFileReference; fileEncoding = 4; lastKnownFileType = sourcecode.swift; path = SpriteBatch.swift; sourceTree = "<group>"; };
		1AE79DD31DB96E7C0062D2C0 /* TextureHelper.swift */ = {isa = PBXFileReference; fileEncoding = 4; lastKnownFileType = sourcecode.swift; path = TextureHelper.swift; sourceTree = "<group>"; };
		1AE79DD51DB96ECE0062D2C0 /* TextureRegion.swift */ = {isa = PBXFileReference; fileEncoding = 4; lastKnownFileType = sourcecode.swift; path = TextureRegion.swift; sourceTree = "<group>"; };
		1AE79DD71DB96F310062D2C0 /* Utilities.swift */ = {isa = PBXFileReference; fileEncoding = 4; lastKnownFileType = sourcecode.swift; path = Utilities.swift; sourceTree = "<group>"; };
		1AE79DD91DB96F9B0062D2C0 /* Vertices.swift */ = {isa = PBXFileReference; fileEncoding = 4; lastKnownFileType = sourcecode.swift; path = Vertices.swift; sourceTree = "<group>"; };
/* End PBXFileReference section */

/* Begin PBXFrameworksBuildPhase section */
		1A4DAA751D7F7F6E00586442 /* Frameworks */ = {
			isa = PBXFrameworksBuildPhase;
			buildActionMask = 2147483647;
			files = (
			);
			runOnlyForDeploymentPostprocessing = 0;
		};
/* End PBXFrameworksBuildPhase section */

/* Begin PBXGroup section */
		1A4DAA6F1D7F7F6D00586442 = {
			isa = PBXGroup;
			children = (
				1A4DAA7A1D7F7F6F00586442 /* OpenGLESTextDemo */,
				1A4DAA791D7F7F6E00586442 /* Products */,
			);
			sourceTree = "<group>";
		};
		1A4DAA791D7F7F6E00586442 /* Products */ = {
			isa = PBXGroup;
			children = (
				1A4DAA781D7F7F6E00586442 /* OpenGLESTextDemo.app */,
			);
			name = Products;
			sourceTree = "<group>";
		};
		1A4DAA7A1D7F7F6F00586442 /* OpenGLESTextDemo */ = {
			isa = PBXGroup;
			children = (
				1AE79DBC1DA6F7F70062D2C0 /* Data */,
				1AE79DB91DA6F6280062D2C0 /* Image */,
				1A4DAA911D7F841600586442 /* Text */,
				1A4DAA7B1D7F7F7000586442 /* AppDelegate.swift */,
				1A4DAA811D7F7F7000586442 /* GameViewController.swift */,
				1A4DAA831D7F7F7000586442 /* Main.storyboard */,
				1A4DAA861D7F7F7000586442 /* Assets.xcassets */,
				1A4DAA881D7F7F7000586442 /* LaunchScreen.storyboard */,
				1A4DAA8B1D7F7F7000586442 /* Info.plist */,
			);
			path = OpenGLESTextDemo;
			sourceTree = "<group>";
		};
		1A4DAA911D7F841600586442 /* Text */ = {
			isa = PBXGroup;
			children = (
				1AE79DCC1DB96B840062D2C0 /* GLText */,
			);
			name = Text;
			sourceTree = "<group>";
		};
		1AE79DB91DA6F6280062D2C0 /* Image */ = {
			isa = PBXGroup;
			children = (
				1AE79DBA1DA6F6630062D2C0 /* Image.swift */,
				1AC60B771DC2DA5A006736F9 /* BackgroundImage.swift */,
			);
			name = Image;
			sourceTree = "<group>";
		};
		1AE79DBC1DA6F7F70062D2C0 /* Data */ = {
			isa = PBXGroup;
			children = (
				1A646E921DD97FFA00547F12 /* graybkgrnd.png */,
			);
			name = Data;
			sourceTree = "<group>";
		};
		1AE79DC91DB9694D0062D2C0 /* Programs */ = {
			isa = PBXGroup;
			children = (
				1AE79DCD1DB96CA30062D2C0 /* BatchTextProgram.swift */,
				1AE79DCA1DB96B490062D2C0 /* Program.swift */,
			);
			name = Programs;
			sourceTree = "<group>";
		};
		1AE79DCC1DB96B840062D2C0 /* GLText */ = {
			isa = PBXGroup;
			children = (
				1AE79DC91DB9694D0062D2C0 /* Programs */,
				1AE79DCF1DB96D400062D2C0 /* AttribVariable.swift */,
				1A4DAA921D7F85D300586442 /* GLText.swift */,
				1AE79DD11DB96DDF0062D2C0 /* SpriteBatch.swift */,
				1AE79DD31DB96E7C0062D2C0 /* TextureHelper.swift */,
				1AE79DD51DB96ECE0062D2C0 /* TextureRegion.swift */,
				1AE79DD71DB96F310062D2C0 /* Utilities.swift */,
				1AE79DD91DB96F9B0062D2C0 /* Vertices.swift */,
			);
			name = GLText;
			sourceTree = "<group>";
		};
/* End PBXGroup section */

/* Begin PBXNativeTarget section */
		1A4DAA771D7F7F6E00586442 /* OpenGLESTextDemo */ = {
			isa = PBXNativeTarget;
			buildConfigurationList = 1A4DAA8E1D7F7F7000586442 /* Build configuration list for PBXNativeTarget "OpenGLESTextDemo" */;
			buildPhases = (
				1A4DAA741D7F7F6E00586442 /* Sources */,
				1A4DAA751D7F7F6E00586442 /* Frameworks */,
				1A4DAA761D7F7F6E00586442 /* Resources */,
			);
			buildRules = (
			);
			dependencies = (
			);
			name = OpenGLESTextDemo;
			productName = OpenGLESTextDemo;
			productReference = 1A4DAA781D7F7F6E00586442 /* OpenGLESTextDemo.app */;
			productType = "com.apple.product-type.application";
		};
/* End PBXNativeTarget section */

/* Begin PBXProject section */
		1A4DAA701D7F7F6E00586442 /* Project object */ = {
			isa = PBXProject;
			attributes = {
				LastSwiftUpdateCheck = 0730;
				LastUpgradeCheck = 0820;
				ORGANIZATIONNAME = "Chris Bateman";
				TargetAttributes = {
					1A4DAA771D7F7F6E00586442 = {
						CreatedOnToolsVersion = 7.3.1;
						DevelopmentTeam = Y54FZ83CU7;
						LastSwiftMigration = 0820;
					};
				};
			};
			buildConfigurationList = 1A4DAA731D7F7F6E00586442 /* Build configuration list for PBXProject "OpenGLESTextDemo" */;
			compatibilityVersion = "Xcode 3.2";
			developmentRegion = English;
			hasScannedForEncodings = 0;
			knownRegions = (
				en,
				Base,
			);
			mainGroup = 1A4DAA6F1D7F7F6D00586442;
			productRefGroup = 1A4DAA791D7F7F6E00586442 /* Products */;
			projectDirPath = "";
			projectRoot = "";
			targets = (
				1A4DAA771D7F7F6E00586442 /* OpenGLESTextDemo */,
			);
		};
/* End PBXProject section */

/* Begin PBXResourcesBuildPhase section */
		1A4DAA761D7F7F6E00586442 /* Resources */ = {
			isa = PBXResourcesBuildPhase;
			buildActionMask = 2147483647;
			files = (
				1A4DAA851D7F7F7000586442 /* Main.storyboard in Resources */,
				1A646E931DD97FFA00547F12 /* graybkgrnd.png in Resources */,
				1A4DAA871D7F7F7000586442 /* Assets.xcassets in Resources */,
				1A4DAA8A1D7F7F7000586442 /* LaunchScreen.storyboard in Resources */,
			);
			runOnlyForDeploymentPostprocessing = 0;
		};
/* End PBXResourcesBuildPhase section */

/* Begin PBXSourcesBuildPhase section */
		1A4DAA741D7F7F6E00586442 /* Sources */ = {
			isa = PBXSourcesBuildPhase;
			buildActionMask = 2147483647;
			files = (
				1AE79DCE1DB96CA30062D2C0 /* BatchTextProgram.swift in Sources */,
				1A4DAA821D7F7F7000586442 /* GameViewController.swift in Sources */,
				1AE79DBB1DA6F6630062D2C0 /* Image.swift in Sources */,
				1AE79DD81DB96F310062D2C0 /* Utilities.swift in Sources */,
				1A4DAA931D7F85D300586442 /* GLText.swift in Sources */,
				1AE79DCB1DB96B490062D2C0 /* Program.swift in Sources */,
				1A4DAA7C1D7F7F7000586442 /* AppDelegate.swift in Sources */,
				1AE79DD21DB96DDF0062D2C0 /* SpriteBatch.swift in Sources */,
				1AE79DD41DB96E7C0062D2C0 /* TextureHelper.swift in Sources */,
				1AE79DD61DB96ECE0062D2C0 /* TextureRegion.swift in Sources */,
				1AC60B781DC2DA5A006736F9 /* BackgroundImage.swift in Sources */,
				1AE79DDA1DB96F9B0062D2C0 /* Vertices.swift in Sources */,
				1AE79DD01DB96D400062D2C0 /* AttribVariable.swift in Sources */,
			);
			runOnlyForDeploymentPostprocessing = 0;
		};
/* End PBXSourcesBuildPhase section */

/* Begin PBXVariantGroup section */
		1A4DAA831D7F7F7000586442 /* Main.storyboard */ = {
			isa = PBXVariantGroup;
			children = (
				1A4DAA841D7F7F7000586442 /* Base */,
			);
			name = Main.storyboard;
			sourceTree = "<group>";
		};
		1A4DAA881D7F7F7000586442 /* LaunchScreen.storyboard */ = {
			isa = PBXVariantGroup;
			children = (
				1A4DAA891D7F7F7000586442 /* Base */,
			);
			name = LaunchScreen.storyboard;
			sourceTree = "<group>";
		};
/* End PBXVariantGroup section */

/* Begin XCBuildConfiguration section */
		1A4DAA8C1D7F7F7000586442 /* Debug */ = {
			isa = XCBuildConfiguration;
			buildSettings = {
				ALWAYS_SEARCH_USER_PATHS = NO;
				CLANG_ANALYZER_NONNULL = YES;
				CLANG_CXX_LANGUAGE_STANDARD = "gnu++0x";
				CLANG_CXX_LIBRARY = "libc++";
				CLANG_ENABLE_MODULES = YES;
				CLANG_ENABLE_OBJC_ARC = YES;
				CLANG_WARN_BOOL_CONVERSION = YES;
				CLANG_WARN_CONSTANT_CONVERSION = YES;
				CLANG_WARN_DIRECT_OBJC_ISA_USAGE = YES_ERROR;
				CLANG_WARN_EMPTY_BODY = YES;
				CLANG_WARN_ENUM_CONVERSION = YES;
				CLANG_WARN_INFINITE_RECURSION = YES;
				CLANG_WARN_INT_CONVERSION = YES;
				CLANG_WARN_OBJC_ROOT_CLASS = YES_ERROR;
				CLANG_WARN_SUSPICIOUS_MOVE = YES;
				CLANG_WARN_UNREACHABLE_CODE = YES;
				CLANG_WARN__DUPLICATE_METHOD_MATCH = YES;
				"CODE_SIGN_IDENTITY[sdk=iphoneos*]" = "iPhone Developer";
				COPY_PHASE_STRIP = NO;
				DEBUG_INFORMATION_FORMAT = "dwarf-with-dsym";
				ENABLE_STRICT_OBJC_MSGSEND = YES;
				ENABLE_TESTABILITY = YES;
				GCC_C_LANGUAGE_STANDARD = gnu99;
				GCC_DYNAMIC_NO_PIC = NO;
				GCC_NO_COMMON_BLOCKS = YES;
				GCC_OPTIMIZATION_LEVEL = 0;
				GCC_PREPROCESSOR_DEFINITIONS = (
					"DEBUG=1",
					"$(inherited)",
				);
				GCC_WARN_64_TO_32_BIT_CONVERSION = YES;
				GCC_WARN_ABOUT_RETURN_TYPE = YES_ERROR;
				GCC_WARN_UNDECLARED_SELECTOR = YES;
				GCC_WARN_UNINITIALIZED_AUTOS = YES_AGGRESSIVE;
				GCC_WARN_UNUSED_FUNCTION = YES;
				GCC_WARN_UNUSED_VARIABLE = YES;
				IPHONEOS_DEPLOYMENT_TARGET = 9.3;
				MTL_ENABLE_DEBUG_INFO = YES;
				ONLY_ACTIVE_ARCH = YES;
				SDKROOT = iphoneos;
				SWIFT_OPTIMIZATION_LEVEL = "-Onone";
				TARGETED_DEVICE_FAMILY = "1,2";
			};
			name = Debug;
		};
		1A4DAA8D1D7F7F7000586442 /* Release */ = {
			isa = XCBuildConfiguration;
			buildSettings = {
				ALWAYS_SEARCH_USER_PATHS = NO;
				CLANG_ANALYZER_NONNULL = YES;
				CLANG_CXX_LANGUAGE_STANDARD = "gnu++0x";
				CLANG_CXX_LIBRARY = "libc++";
				CLANG_ENABLE_MODULES = YES;
				CLANG_ENABLE_OBJC_ARC = YES;
				CLANG_WARN_BOOL_CONVERSION = YES;
				CLANG_WARN_CONSTANT_CONVERSION = YES;
				CLANG_WARN_DIRECT_OBJC_ISA_USAGE = YES_ERROR;
				CLANG_WARN_EMPTY_BODY = YES;
				CLANG_WARN_ENUM_CONVERSION = YES;
				CLANG_WARN_INFINITE_RECURSION = YES;
				CLANG_WARN_INT_CONVERSION = YES;
				CLANG_WARN_OBJC_ROOT_CLASS = YES_ERROR;
				CLANG_WARN_SUSPICIOUS_MOVE = YES;
				CLANG_WARN_UNREACHABLE_CODE = YES;
				CLANG_WARN__DUPLICATE_METHOD_MATCH = YES;
				"CODE_SIGN_IDENTITY[sdk=iphoneos*]" = "iPhone Developer";
				COPY_PHASE_STRIP = NO;
				DEBUG_INFORMATION_FORMAT = "dwarf-with-dsym";
				ENABLE_NS_ASSERTIONS = NO;
				ENABLE_STRICT_OBJC_MSGSEND = YES;
				GCC_C_LANGUAGE_STANDARD = gnu99;
				GCC_NO_COMMON_BLOCKS = YES;
				GCC_WARN_64_TO_32_BIT_CONVERSION = YES;
				GCC_WARN_ABOUT_RETURN_TYPE = YES_ERROR;
				GCC_WARN_UNDECLARED_SELECTOR = YES;
				GCC_WARN_UNINITIALIZED_AUTOS = YES_AGGRESSIVE;
				GCC_WARN_UNUSED_FUNCTION = YES;
				GCC_WARN_UNUSED_VARIABLE = YES;
				IPHONEOS_DEPLOYMENT_TARGET = 9.3;
				MTL_ENABLE_DEBUG_INFO = NO;
				SDKROOT = iphoneos;
				SWIFT_OPTIMIZATION_LEVEL = "-Owholemodule";
				TARGETED_DEVICE_FAMILY = "1,2";
				VALIDATE_PRODUCT = YES;
			};
			name = Release;
		};
		1A4DAA8F1D7F7F7000586442 /* Debug */ = {
			isa = XCBuildConfiguration;
			buildSettings = {
				ASSETCATALOG_COMPILER_APPICON_NAME = AppIcon;
				INFOPLIST_FILE = OpenGLESTextDemo/Info.plist;
				LD_RUNPATH_SEARCH_PATHS = "$(inherited) @executable_path/Frameworks";
				"OTHER_SWIFT_FLAGS[arch=*]" = "-D DEBUG";
				PRODUCT_BUNDLE_IDENTIFIER = org.cbateman.OpenGLESTextDemo;
				PRODUCT_NAME = "$(TARGET_NAME)";
				SWIFT_VERSION = 3.0;
			};
			name = Debug;
		};
		1A4DAA901D7F7F7000586442 /* Release */ = {
			isa = XCBuildConfiguration;
			buildSettings = {
				ASSETCATALOG_COMPILER_APPICON_NAME = AppIcon;
				INFOPLIST_FILE = OpenGLESTextDemo/Info.plist;
				LD_RUNPATH_SEARCH_PATHS = "$(inherited) @executable_path/Frameworks";
				PRODUCT_BUNDLE_IDENTIFIER = org.cbateman.OpenGLESTextDemo;
				PRODUCT_NAME = "$(TARGET_NAME)";
				SWIFT_VERSION = 3.0;
			};
			name = Release;
		};
/* End XCBuildConfiguration section */

/* Begin XCConfigurationList section */
		1A4DAA731D7F7F6E00586442 /* Build configuration list for PBXProject "OpenGLESTextDemo" */ = {
			isa = XCConfigurationList;
			buildConfigurations = (
				1A4DAA8C1D7F7F7000586442 /* Debug */,
				1A4DAA8D1D7F7F7000586442 /* Release */,
			);
			defaultConfigurationIsVisible = 0;
			defaultConfigurationName = Release;
		};
		1A4DAA8E1D7F7F7000586442 /* Build configuration list for PBXNativeTarget "OpenGLESTextDemo" */ = {
			isa = XCConfigurationList;
			buildConfigurations = (
				1A4DAA8F1D7F7F7000586442 /* Debug */,
				1A4DAA901D7F7F7000586442 /* Release */,
			);
			defaultConfigurationIsVisible = 0;
			defaultConfigurationName = Release;
		};
/* End XCConfigurationList section */
	};
	rootObject = 1A4DAA701D7F7F6E00586442 /* Project object */;
}
